// !$*UTF8*$!
{
	archiveVersion = 1;
	classes = {
	};
	objectVersion = 46;
	objects = {

/* Begin PBXBuildFile section */
		6398F2431DBFD9EA0001E4AC /* AppDelegate.swift in Sources */ = {isa = PBXBuildFile; fileRef = 6398F2421DBFD9EA0001E4AC /* AppDelegate.swift */; };
		6398F2471DBFD9EA0001E4AC /* GameScene.swift in Sources */ = {isa = PBXBuildFile; fileRef = 6398F2461DBFD9EA0001E4AC /* GameScene.swift */; };
		6398F2491DBFD9EA0001E4AC /* GameViewController.swift in Sources */ = {isa = PBXBuildFile; fileRef = 6398F2481DBFD9EA0001E4AC /* GameViewController.swift */; };
		6398F24C1DBFD9EA0001E4AC /* Main.storyboard in Resources */ = {isa = PBXBuildFile; fileRef = 6398F24A1DBFD9EA0001E4AC /* Main.storyboard */; };
		6398F24E1DBFD9EA0001E4AC /* Assets.xcassets in Resources */ = {isa = PBXBuildFile; fileRef = 6398F24D1DBFD9EA0001E4AC /* Assets.xcassets */; };
		6398F2511DBFD9EA0001E4AC /* LaunchScreen.storyboard in Resources */ = {isa = PBXBuildFile; fileRef = 6398F24F1DBFD9EA0001E4AC /* LaunchScreen.storyboard */; };
		8444E8981DDF474200DE8AFC /* GiftNode.swift in Sources */ = {isa = PBXBuildFile; fileRef = 8444E8971DDF474200DE8AFC /* GiftNode.swift */; };
		8494E1191DDF51BC00441A60 /* Utility.swift in Sources */ = {isa = PBXBuildFile; fileRef = 8494E1181DDF51BC00441A60 /* Utility.swift */; };
		8494E11B1DDF529500441A60 /* Bullet.swift in Sources */ = {isa = PBXBuildFile; fileRef = 8494E11A1DDF529500441A60 /* Bullet.swift */; };
		8494E11D1DDF54F100441A60 /* Santa.swift in Sources */ = {isa = PBXBuildFile; fileRef = 8494E11C1DDF54F100441A60 /* Santa.swift */; };
		8494E11F1DDF585000441A60 /* GameNodes.swift in Sources */ = {isa = PBXBuildFile; fileRef = 8494E11E1DDF585000441A60 /* GameNodes.swift */; };
		FABD508B1DE0385C0073475F /* Cloud.swift in Sources */ = {isa = PBXBuildFile; fileRef = FABD508A1DE0385C0073475F /* Cloud.swift */; };
		FAE679271DC1462C00A65538 /* GameOverScene.swift in Sources */ = {isa = PBXBuildFile; fileRef = FAE679261DC1462C00A65538 /* GameOverScene.swift */; };
		FC6857E71DDA6D6800A98316 /* MainMenuScene.swift in Sources */ = {isa = PBXBuildFile; fileRef = FC6857E61DDA6D6800A98316 /* MainMenuScene.swift */; };
		FC6857E91DDA732D00A98316 /* MainMenuMusic.wav in Resources */ = {isa = PBXBuildFile; fileRef = FC6857E81DDA732D00A98316 /* MainMenuMusic.wav */; };
		FC6857F11DDA7A9800A98316 /* SnowtopCaps.ttf in Resources */ = {isa = PBXBuildFile; fileRef = FC6857F01DDA7A9800A98316 /* SnowtopCaps.ttf */; };
		FC6857F81DDA8D5200A98316 /* GameMusic.mp3 in Resources */ = {isa = PBXBuildFile; fileRef = FC6857F61DDA8D5200A98316 /* GameMusic.mp3 */; };
		FC6857F91DDA8D5200A98316 /* MainMenuVoice.mp3 in Resources */ = {isa = PBXBuildFile; fileRef = FC6857F71DDA8D5200A98316 /* MainMenuVoice.mp3 */; };
		FC6857FC1DDA8EF700A98316 /* LoseGameVoice.mp3 in Resources */ = {isa = PBXBuildFile; fileRef = FC6857FA1DDA8EF700A98316 /* LoseGameVoice.mp3 */; };
		FC6857FD1DDA8EF700A98316 /* StartGameVoice.mp3 in Resources */ = {isa = PBXBuildFile; fileRef = FC6857FB1DDA8EF700A98316 /* StartGameVoice.mp3 */; };
		FC6857FF1DDAA74600A98316 /* BulletSound_another.wav in Resources */ = {isa = PBXBuildFile; fileRef = FC6857FE1DDAA74600A98316 /* BulletSound_another.wav */; };
		FC6858021DDAADFB00A98316 /* BulletSound.wav in Resources */ = {isa = PBXBuildFile; fileRef = FC6858011DDAADFB00A98316 /* BulletSound.wav */; };
		FC6858041DDAAF7300A98316 /* ExplosionSound.wav in Resources */ = {isa = PBXBuildFile; fileRef = FC6858031DDAAF7300A98316 /* ExplosionSound.wav */; };
/* End PBXBuildFile section */

/* Begin PBXFileReference section */
		6398F23F1DBFD9EA0001E4AC /* Santa.app */ = {isa = PBXFileReference; explicitFileType = wrapper.application; includeInIndex = 0; path = Santa.app; sourceTree = BUILT_PRODUCTS_DIR; };
		6398F2421DBFD9EA0001E4AC /* AppDelegate.swift */ = {isa = PBXFileReference; lastKnownFileType = sourcecode.swift; path = AppDelegate.swift; sourceTree = "<group>"; };
		6398F2461DBFD9EA0001E4AC /* GameScene.swift */ = {isa = PBXFileReference; lastKnownFileType = sourcecode.swift; path = GameScene.swift; sourceTree = "<group>"; };
		6398F2481DBFD9EA0001E4AC /* GameViewController.swift */ = {isa = PBXFileReference; lastKnownFileType = sourcecode.swift; path = GameViewController.swift; sourceTree = "<group>"; };
		6398F24B1DBFD9EA0001E4AC /* Base */ = {isa = PBXFileReference; lastKnownFileType = file.storyboard; name = Base; path = Base.lproj/Main.storyboard; sourceTree = "<group>"; };
		6398F24D1DBFD9EA0001E4AC /* Assets.xcassets */ = {isa = PBXFileReference; lastKnownFileType = folder.assetcatalog; path = Assets.xcassets; sourceTree = "<group>"; };
		6398F2501DBFD9EA0001E4AC /* Base */ = {isa = PBXFileReference; lastKnownFileType = file.storyboard; name = Base; path = Base.lproj/LaunchScreen.storyboard; sourceTree = "<group>"; };
		6398F2521DBFD9EA0001E4AC /* Info.plist */ = {isa = PBXFileReference; lastKnownFileType = text.plist.xml; path = Info.plist; sourceTree = "<group>"; };
		8444E8971DDF474200DE8AFC /* GiftNode.swift */ = {isa = PBXFileReference; fileEncoding = 4; lastKnownFileType = sourcecode.swift; path = GiftNode.swift; sourceTree = "<group>"; };
		8494E1181DDF51BC00441A60 /* Utility.swift */ = {isa = PBXFileReference; fileEncoding = 4; lastKnownFileType = sourcecode.swift; path = Utility.swift; sourceTree = "<group>"; };
		8494E11A1DDF529500441A60 /* Bullet.swift */ = {isa = PBXFileReference; fileEncoding = 4; lastKnownFileType = sourcecode.swift; path = Bullet.swift; sourceTree = "<group>"; };
		8494E11C1DDF54F100441A60 /* Santa.swift */ = {isa = PBXFileReference; fileEncoding = 4; lastKnownFileType = sourcecode.swift; path = Santa.swift; sourceTree = "<group>"; };
		8494E11E1DDF585000441A60 /* GameNodes.swift */ = {isa = PBXFileReference; fileEncoding = 4; lastKnownFileType = sourcecode.swift; path = GameNodes.swift; sourceTree = "<group>"; };
		FABD508A1DE0385C0073475F /* Cloud.swift */ = {isa = PBXFileReference; fileEncoding = 4; lastKnownFileType = sourcecode.swift; path = Cloud.swift; sourceTree = "<group>"; };
		FAE679261DC1462C00A65538 /* GameOverScene.swift */ = {isa = PBXFileReference; fileEncoding = 4; lastKnownFileType = sourcecode.swift; path = GameOverScene.swift; sourceTree = "<group>"; };
		FC6857E61DDA6D6800A98316 /* MainMenuScene.swift */ = {isa = PBXFileReference; fileEncoding = 4; lastKnownFileType = sourcecode.swift; path = MainMenuScene.swift; sourceTree = "<group>"; };
		FC6857E81DDA732D00A98316 /* MainMenuMusic.wav */ = {isa = PBXFileReference; lastKnownFileType = audio.wav; path = MainMenuMusic.wav; sourceTree = "<group>"; };
		FC6857F01DDA7A9800A98316 /* SnowtopCaps.ttf */ = {isa = PBXFileReference; lastKnownFileType = file; path = SnowtopCaps.ttf; sourceTree = "<group>"; };
		FC6857F61DDA8D5200A98316 /* GameMusic.mp3 */ = {isa = PBXFileReference; lastKnownFileType = audio.mp3; path = GameMusic.mp3; sourceTree = "<group>"; };
		FC6857F71DDA8D5200A98316 /* MainMenuVoice.mp3 */ = {isa = PBXFileReference; lastKnownFileType = audio.mp3; path = MainMenuVoice.mp3; sourceTree = "<group>"; };
		FC6857FA1DDA8EF700A98316 /* LoseGameVoice.mp3 */ = {isa = PBXFileReference; lastKnownFileType = audio.mp3; path = LoseGameVoice.mp3; sourceTree = "<group>"; };
		FC6857FB1DDA8EF700A98316 /* StartGameVoice.mp3 */ = {isa = PBXFileReference; lastKnownFileType = audio.mp3; path = StartGameVoice.mp3; sourceTree = "<group>"; };
		FC6857FE1DDAA74600A98316 /* BulletSound_another.wav */ = {isa = PBXFileReference; lastKnownFileType = audio.wav; path = BulletSound_another.wav; sourceTree = "<group>"; };
		FC6858011DDAADFB00A98316 /* BulletSound.wav */ = {isa = PBXFileReference; lastKnownFileType = audio.wav; path = BulletSound.wav; sourceTree = "<group>"; };
		FC6858031DDAAF7300A98316 /* ExplosionSound.wav */ = {isa = PBXFileReference; lastKnownFileType = audio.wav; path = ExplosionSound.wav; sourceTree = "<group>"; };
/* End PBXFileReference section */

/* Begin PBXFrameworksBuildPhase section */
		6398F23C1DBFD9EA0001E4AC /* Frameworks */ = {
			isa = PBXFrameworksBuildPhase;
			buildActionMask = 2147483647;
			files = (
			);
			runOnlyForDeploymentPostprocessing = 0;
		};
/* End PBXFrameworksBuildPhase section */

/* Begin PBXGroup section */
		6398F2361DBFD9EA0001E4AC = {
			isa = PBXGroup;
			children = (
				6398F2411DBFD9EA0001E4AC /* Santa */,
				6398F2401DBFD9EA0001E4AC /* Products */,
			);
			sourceTree = "<group>";
		};
		6398F2401DBFD9EA0001E4AC /* Products */ = {
			isa = PBXGroup;
			children = (
				6398F23F1DBFD9EA0001E4AC /* Santa.app */,
			);
			name = Products;
			sourceTree = "<group>";
		};
		6398F2411DBFD9EA0001E4AC /* Santa */ = {
			isa = PBXGroup;
			children = (
				FC6857EF1DDA7A5500A98316 /* Resources */,
				6398F24D1DBFD9EA0001E4AC /* Assets.xcassets */,
				6398F2421DBFD9EA0001E4AC /* AppDelegate.swift */,
				8444E8971DDF474200DE8AFC /* GiftNode.swift */,
				FC6857E61DDA6D6800A98316 /* MainMenuScene.swift */,
				6398F2461DBFD9EA0001E4AC /* GameScene.swift */,
				FAE679261DC1462C00A65538 /* GameOverScene.swift */,
				6398F2481DBFD9EA0001E4AC /* GameViewController.swift */,
				6398F24F1DBFD9EA0001E4AC /* LaunchScreen.storyboard */,
				6398F24A1DBFD9EA0001E4AC /* Main.storyboard */,
				6398F2521DBFD9EA0001E4AC /* Info.plist */,
				8494E1181DDF51BC00441A60 /* Utility.swift */,
				8494E11A1DDF529500441A60 /* Bullet.swift */,
				8494E11C1DDF54F100441A60 /* Santa.swift */,
				8494E11E1DDF585000441A60 /* GameNodes.swift */,
				FABD508A1DE0385C0073475F /* Cloud.swift */,
			);
			path = Santa;
			sourceTree = "<group>";
		};
		FC6857EF1DDA7A5500A98316 /* Resources */ = {
			isa = PBXGroup;
			children = (
				FC6857F01DDA7A9800A98316 /* SnowtopCaps.ttf */,
				FC6857E81DDA732D00A98316 /* MainMenuMusic.wav */,
				FC6857F61DDA8D5200A98316 /* GameMusic.mp3 */,
				FC6857F71DDA8D5200A98316 /* MainMenuVoice.mp3 */,
				FC6857FB1DDA8EF700A98316 /* StartGameVoice.mp3 */,
				FC6857FA1DDA8EF700A98316 /* LoseGameVoice.mp3 */,
				FC6858011DDAADFB00A98316 /* BulletSound.wav */,
				FC6857FE1DDAA74600A98316 /* BulletSound_another.wav */,
				FC6858031DDAAF7300A98316 /* ExplosionSound.wav */,
			);
			name = Resources;
			sourceTree = "<group>";
		};
/* End PBXGroup section */

/* Begin PBXNativeTarget section */
		6398F23E1DBFD9EA0001E4AC /* Santa */ = {
			isa = PBXNativeTarget;
			buildConfigurationList = 6398F2551DBFD9EA0001E4AC /* Build configuration list for PBXNativeTarget "Santa" */;
			buildPhases = (
				6398F23B1DBFD9EA0001E4AC /* Sources */,
				6398F23C1DBFD9EA0001E4AC /* Frameworks */,
				6398F23D1DBFD9EA0001E4AC /* Resources */,
			);
			buildRules = (
			);
			dependencies = (
			);
			name = Santa;
			productName = Santa;
			productReference = 6398F23F1DBFD9EA0001E4AC /* Santa.app */;
			productType = "com.apple.product-type.application";
		};
/* End PBXNativeTarget section */

/* Begin PBXProject section */
		6398F2371DBFD9EA0001E4AC /* Project object */ = {
			isa = PBXProject;
			attributes = {
				LastSwiftUpdateCheck = 0730;
				LastUpgradeCheck = 0800;
				ORGANIZATIONNAME = "Ilya Izmailov";
				TargetAttributes = {
					6398F23E1DBFD9EA0001E4AC = {
						CreatedOnToolsVersion = 7.3.1;
						DevelopmentTeam = 6Z4FBL44X9;
						LastSwiftMigration = 0800;
					};
				};
			};
			buildConfigurationList = 6398F23A1DBFD9EA0001E4AC /* Build configuration list for PBXProject "Santa" */;
			compatibilityVersion = "Xcode 3.2";
			developmentRegion = English;
			hasScannedForEncodings = 0;
			knownRegions = (
				en,
				Base,
			);
			mainGroup = 6398F2361DBFD9EA0001E4AC;
			productRefGroup = 6398F2401DBFD9EA0001E4AC /* Products */;
			projectDirPath = "";
			projectRoot = "";
			targets = (
				6398F23E1DBFD9EA0001E4AC /* Santa */,
			);
		};
/* End PBXProject section */

/* Begin PBXResourcesBuildPhase section */
		6398F23D1DBFD9EA0001E4AC /* Resources */ = {
			isa = PBXResourcesBuildPhase;
			buildActionMask = 2147483647;
			files = (
				FC6857FF1DDAA74600A98316 /* BulletSound_another.wav in Resources */,
				6398F2511DBFD9EA0001E4AC /* LaunchScreen.storyboard in Resources */,
				6398F24E1DBFD9EA0001E4AC /* Assets.xcassets in Resources */,
				FC6857F81DDA8D5200A98316 /* GameMusic.mp3 in Resources */,
				FC6858021DDAADFB00A98316 /* BulletSound.wav in Resources */,
				FC6857FD1DDA8EF700A98316 /* StartGameVoice.mp3 in Resources */,
				FC6857F91DDA8D5200A98316 /* MainMenuVoice.mp3 in Resources */,
				6398F24C1DBFD9EA0001E4AC /* Main.storyboard in Resources */,
				FC6857FC1DDA8EF700A98316 /* LoseGameVoice.mp3 in Resources */,
				FC6858041DDAAF7300A98316 /* ExplosionSound.wav in Resources */,
				FC6857F11DDA7A9800A98316 /* SnowtopCaps.ttf in Resources */,
				FC6857E91DDA732D00A98316 /* MainMenuMusic.wav in Resources */,
			);
			runOnlyForDeploymentPostprocessing = 0;
		};
/* End PBXResourcesBuildPhase section */

/* Begin PBXSourcesBuildPhase section */
		6398F23B1DBFD9EA0001E4AC /* Sources */ = {
			isa = PBXSourcesBuildPhase;
			buildActionMask = 2147483647;
			files = (
				8494E1191DDF51BC00441A60 /* Utility.swift in Sources */,
				FC6857E71DDA6D6800A98316 /* MainMenuScene.swift in Sources */,
				6398F2471DBFD9EA0001E4AC /* GameScene.swift in Sources */,
				FABD508B1DE0385C0073475F /* Cloud.swift in Sources */,
				6398F2491DBFD9EA0001E4AC /* GameViewController.swift in Sources */,
				FAE679271DC1462C00A65538 /* GameOverScene.swift in Sources */,
				8494E11D1DDF54F100441A60 /* Santa.swift in Sources */,
				6398F2431DBFD9EA0001E4AC /* AppDelegate.swift in Sources */,
				8444E8981DDF474200DE8AFC /* GiftNode.swift in Sources */,
				8494E11B1DDF529500441A60 /* Bullet.swift in Sources */,
				8494E11F1DDF585000441A60 /* GameNodes.swift in Sources */,
			);
			runOnlyForDeploymentPostprocessing = 0;
		};
/* End PBXSourcesBuildPhase section */

/* Begin PBXVariantGroup section */
		6398F24A1DBFD9EA0001E4AC /* Main.storyboard */ = {
			isa = PBXVariantGroup;
			children = (
				6398F24B1DBFD9EA0001E4AC /* Base */,
			);
			name = Main.storyboard;
			sourceTree = "<group>";
		};
		6398F24F1DBFD9EA0001E4AC /* LaunchScreen.storyboard */ = {
			isa = PBXVariantGroup;
			children = (
				6398F2501DBFD9EA0001E4AC /* Base */,
			);
			name = LaunchScreen.storyboard;
			sourceTree = "<group>";
		};
/* End PBXVariantGroup section */

/* Begin XCBuildConfiguration section */
		6398F2531DBFD9EA0001E4AC /* Debug */ = {
			isa = XCBuildConfiguration;
			buildSettings = {
				ALWAYS_SEARCH_USER_PATHS = NO;
				CLANG_ANALYZER_NONNULL = YES;
				CLANG_CXX_LANGUAGE_STANDARD = "gnu++0x";
				CLANG_CXX_LIBRARY = "libc++";
				CLANG_ENABLE_MODULES = YES;
				CLANG_ENABLE_OBJC_ARC = YES;
				CLANG_WARN_BOOL_CONVERSION = YES;
				CLANG_WARN_CONSTANT_CONVERSION = YES;
				CLANG_WARN_DIRECT_OBJC_ISA_USAGE = YES_ERROR;
				CLANG_WARN_EMPTY_BODY = YES;
				CLANG_WARN_ENUM_CONVERSION = YES;
				CLANG_WARN_INFINITE_RECURSION = YES;
				CLANG_WARN_INT_CONVERSION = YES;
				CLANG_WARN_OBJC_ROOT_CLASS = YES_ERROR;
				CLANG_WARN_SUSPICIOUS_MOVE = YES;
				CLANG_WARN_UNREACHABLE_CODE = YES;
				CLANG_WARN__DUPLICATE_METHOD_MATCH = YES;
				"CODE_SIGN_IDENTITY[sdk=iphoneos*]" = "iPhone Developer";
				COPY_PHASE_STRIP = NO;
				DEBUG_INFORMATION_FORMAT = "dwarf-with-dsym";
				ENABLE_STRICT_OBJC_MSGSEND = YES;
				ENABLE_TESTABILITY = YES;
				GCC_C_LANGUAGE_STANDARD = gnu99;
				GCC_DYNAMIC_NO_PIC = NO;
				GCC_NO_COMMON_BLOCKS = YES;
				GCC_OPTIMIZATION_LEVEL = 0;
				GCC_PREPROCESSOR_DEFINITIONS = (
					"DEBUG=1",
					"$(inherited)",
				);
				GCC_WARN_64_TO_32_BIT_CONVERSION = YES;
				GCC_WARN_ABOUT_RETURN_TYPE = YES_ERROR;
				GCC_WARN_UNDECLARED_SELECTOR = YES;
				GCC_WARN_UNINITIALIZED_AUTOS = YES_AGGRESSIVE;
				GCC_WARN_UNUSED_FUNCTION = YES;
				GCC_WARN_UNUSED_VARIABLE = YES;
				IPHONEOS_DEPLOYMENT_TARGET = 9.3;
				MTL_ENABLE_DEBUG_INFO = YES;
				ONLY_ACTIVE_ARCH = YES;
				SDKROOT = iphoneos;
				SWIFT_OPTIMIZATION_LEVEL = "-Onone";
				TARGETED_DEVICE_FAMILY = "1,2";
			};
			name = Debug;
		};
		6398F2541DBFD9EA0001E4AC /* Release */ = {
			isa = XCBuildConfiguration;
			buildSettings = {
				ALWAYS_SEARCH_USER_PATHS = NO;
				CLANG_ANALYZER_NONNULL = YES;
				CLANG_CXX_LANGUAGE_STANDARD = "gnu++0x";
				CLANG_CXX_LIBRARY = "libc++";
				CLANG_ENABLE_MODULES = YES;
				CLANG_ENABLE_OBJC_ARC = YES;
				CLANG_WARN_BOOL_CONVERSION = YES;
				CLANG_WARN_CONSTANT_CONVERSION = YES;
				CLANG_WARN_DIRECT_OBJC_ISA_USAGE = YES_ERROR;
				CLANG_WARN_EMPTY_BODY = YES;
				CLANG_WARN_ENUM_CONVERSION = YES;
				CLANG_WARN_INFINITE_RECURSION = YES;
				CLANG_WARN_INT_CONVERSION = YES;
				CLANG_WARN_OBJC_ROOT_CLASS = YES_ERROR;
				CLANG_WARN_SUSPICIOUS_MOVE = YES;
				CLANG_WARN_UNREACHABLE_CODE = YES;
				CLANG_WARN__DUPLICATE_METHOD_MATCH = YES;
				"CODE_SIGN_IDENTITY[sdk=iphoneos*]" = "iPhone Developer";
				COPY_PHASE_STRIP = NO;
				DEBUG_INFORMATION_FORMAT = "dwarf-with-dsym";
				ENABLE_NS_ASSERTIONS = NO;
				ENABLE_STRICT_OBJC_MSGSEND = YES;
				GCC_C_LANGUAGE_STANDARD = gnu99;
				GCC_NO_COMMON_BLOCKS = YES;
				GCC_WARN_64_TO_32_BIT_CONVERSION = YES;
				GCC_WARN_ABOUT_RETURN_TYPE = YES_ERROR;
				GCC_WARN_UNDECLARED_SELECTOR = YES;
				GCC_WARN_UNINITIALIZED_AUTOS = YES_AGGRESSIVE;
				GCC_WARN_UNUSED_FUNCTION = YES;
				GCC_WARN_UNUSED_VARIABLE = YES;
				IPHONEOS_DEPLOYMENT_TARGET = 9.3;
				MTL_ENABLE_DEBUG_INFO = NO;
				SDKROOT = iphoneos;
				SWIFT_OPTIMIZATION_LEVEL = "-Owholemodule";
				TARGETED_DEVICE_FAMILY = "1,2";
				VALIDATE_PRODUCT = YES;
			};
			name = Release;
		};
		6398F2561DBFD9EA0001E4AC /* Debug */ = {
			isa = XCBuildConfiguration;
			buildSettings = {
				ASSETCATALOG_COMPILER_APPICON_NAME = AppIcon;
				DEVELOPMENT_TEAM = 6Z4FBL44X9;
				INFOPLIST_FILE = Santa/Info.plist;
				IPHONEOS_DEPLOYMENT_TARGET = 9.0;
				LD_RUNPATH_SEARCH_PATHS = "$(inherited) @executable_path/Frameworks";
				PRODUCT_BUNDLE_IDENTIFIER = Innopolis.Santa1;
				PRODUCT_NAME = "$(TARGET_NAME)";
				SWIFT_VERSION = 2.3;
			};
			name = Debug;
		};
		6398F2571DBFD9EA0001E4AC /* Release */ = {
			isa = XCBuildConfiguration;
			buildSettings = {
				ASSETCATALOG_COMPILER_APPICON_NAME = AppIcon;
				DEVELOPMENT_TEAM = 6Z4FBL44X9;
				INFOPLIST_FILE = Santa/Info.plist;
				IPHONEOS_DEPLOYMENT_TARGET = 9.0;
				LD_RUNPATH_SEARCH_PATHS = "$(inherited) @executable_path/Frameworks";
				PRODUCT_BUNDLE_IDENTIFIER = Innopolis.Santa1;
				PRODUCT_NAME = "$(TARGET_NAME)";
				SWIFT_VERSION = 2.3;
			};
			name = Release;
		};
/* End XCBuildConfiguration section */

/* Begin XCConfigurationList section */
		6398F23A1DBFD9EA0001E4AC /* Build configuration list for PBXProject "Santa" */ = {
			isa = XCConfigurationList;
			buildConfigurations = (
				6398F2531DBFD9EA0001E4AC /* Debug */,
				6398F2541DBFD9EA0001E4AC /* Release */,
			);
			defaultConfigurationIsVisible = 0;
			defaultConfigurationName = Release;
		};
		6398F2551DBFD9EA0001E4AC /* Build configuration list for PBXNativeTarget "Santa" */ = {
			isa = XCConfigurationList;
			buildConfigurations = (
				6398F2561DBFD9EA0001E4AC /* Debug */,
				6398F2571DBFD9EA0001E4AC /* Release */,
			);
			defaultConfigurationIsVisible = 0;
			defaultConfigurationName = Release;
		};
/* End XCConfigurationList section */
	};
	rootObject = 6398F2371DBFD9EA0001E4AC /* Project object */;
}
